<?xml version="1.0" encoding="utf-8"?>
<Project ToolsVersion="4.0" xmlns="http://schemas.microsoft.com/developer/msbuild/2003">
  <ItemGroup>
    <Filter Include="app">
      <UniqueIdentifier>{59b8b7a1-768e-4c7e-9384-8adb7101d394}</UniqueIdentifier>
    </Filter>
  </ItemGroup>
  <ItemGroup>
    <ClCompile Include="..\..\bitcoind.cpp">
      <Filter>app</Filter>
    </ClCompile>
  </ItemGroup>
</Project>